
Microsoft Visual Studio Solution File, Format Version 12.00
# Visual Studio Version 17
VisualStudioVersion = 17.5.33530.505
MinimumVisualStudioVersion = 10.0.40219.1
Project("{FAE04EC0-301F-11D3-BF4B-00C04F79EFBC}") = "Lab2", "Lab2\Lab2.csproj", "{DAE57C79-874D-4346-B337-A23DDD4016F8}"
EndProject
Global
	GlobalSection(SolutionConfigurationPlatforms) = preSolution
		Debug|Any CPU = Debug|Any CPU
		Release|Any CPU = Release|Any CPU
	EndGlobalSection
	GlobalSection(ProjectConfigurationPlatforms) = postSolution
		{DAE57C79-874D-4346-B337-A23DDD4016F8}.Debug|Any CPU.ActiveCfg = Debug|Any CPU
		{DAE57C79-874D-4346-B337-A23DDD4016F8}.Debug|Any CPU.Build.0 = Debug|Any CPU
		{DAE57C79-874D-4346-B337-A23DDD4016F8}.Release|Any CPU.ActiveCfg = Release|Any CPU
		{DAE57C79-874D-4346-B337-A23DDD4016F8}.Release|Any CPU.Build.0 = Release|Any CPU
	EndGlobalSection
	GlobalSection(SolutionProperties) = preSolution
		HideSolutionNode = FALSE
	EndGlobalSection
	GlobalSection(ExtensibilityGlobals) = postSolution
		SolutionGuid = {CE472D57-EA1D-4106-8164-517513F01728}
	EndGlobalSection
EndGlobal
